
Microsoft Visual Studio Solution File, Format Version 12.00
# Visual Studio 15
VisualStudioVersion = 15.0.28307.168
MinimumVisualStudioVersion = 10.0.40219.1
Project("{FAE04EC0-301F-11D3-BF4B-00C04F79EFBC}") = "730499", "730499\730499.csproj", "{87DF81E9-5A08-4877-87D3-25CF91F0747E}"
EndProject
Global
	GlobalSection(SolutionConfigurationPlatforms) = preSolution
		Debug|Any CPU = Debug|Any CPU
		Release|Any CPU = Release|Any CPU
	EndGlobalSection
	GlobalSection(ProjectConfigurationPlatforms) = postSolution
		{87DF81E9-5A08-4877-87D3-25CF91F0747E}.Debug|Any CPU.ActiveCfg = Debug|Any CPU
		{87DF81E9-5A08-4877-87D3-25CF91F0747E}.Debug|Any CPU.Build.0 = Debug|Any CPU
		{87DF81E9-5A08-4877-87D3-25CF91F0747E}.Release|Any CPU.ActiveCfg = Release|Any CPU
		{87DF81E9-5A08-4877-87D3-25CF91F0747E}.Release|Any CPU.Build.0 = Release|Any CPU
	EndGlobalSection
	GlobalSection(SolutionProperties) = preSolution
		HideSolutionNode = FALSE
	EndGlobalSection
	GlobalSection(ExtensibilityGlobals) = postSolution
		SolutionGuid = {661EEA96-56ED-44E3-ACC2-181691E1054D}
	EndGlobalSection
EndGlobal
